
Microsoft Visual Studio Solution File, Format Version 12.00
# Visual Studio Version 16
VisualStudioVersion = 16.0.30114.105
MinimumVisualStudioVersion = 10.0.40219.1
Project("{FAE04EC0-301F-11D3-BF4B-00C04F79EFBC}") = "Kontragent", "Kontragent\Kontragent.csproj", "{8BA2F0D0-1E3A-4927-A8CE-FD2282CAE153}"
EndProject
Global
	GlobalSection(SolutionConfigurationPlatforms) = preSolution
		Debug|Any CPU = Debug|Any CPU
		Release|Any CPU = Release|Any CPU
	EndGlobalSection
	GlobalSection(ProjectConfigurationPlatforms) = postSolution
		{8BA2F0D0-1E3A-4927-A8CE-FD2282CAE153}.Debug|Any CPU.ActiveCfg = Debug|Any CPU
		{8BA2F0D0-1E3A-4927-A8CE-FD2282CAE153}.Debug|Any CPU.Build.0 = Debug|Any CPU
		{8BA2F0D0-1E3A-4927-A8CE-FD2282CAE153}.Release|Any CPU.ActiveCfg = Release|Any CPU
		{8BA2F0D0-1E3A-4927-A8CE-FD2282CAE153}.Release|Any CPU.Build.0 = Release|Any CPU
	EndGlobalSection
	GlobalSection(SolutionProperties) = preSolution
		HideSolutionNode = FALSE
	EndGlobalSection
	GlobalSection(ExtensibilityGlobals) = postSolution
		SolutionGuid = {8ECCA955-BCC0-4C39-A255-18CA5981CB06}
	EndGlobalSection
EndGlobal
